// !$*UTF8*$!
{
	archiveVersion = 1;
	classes = {
	};
	objectVersion = 50;
	objects = {

/* Begin PBXBuildFile section */
		9394756D20E3829500C152D4 /* AppDelegate.m in Sources */ = {isa = PBXBuildFile; fileRef = 9394756C20E3829500C152D4 /* AppDelegate.m */; };
		9394757020E3829500C152D4 /* ViewController.m in Sources */ = {isa = PBXBuildFile; fileRef = 9394756F20E3829500C152D4 /* ViewController.m */; };
		9394757320E3829500C152D4 /* Main.storyboard in Resources */ = {isa = PBXBuildFile; fileRef = 9394757120E3829500C152D4 /* Main.storyboard */; };
		9394757520E3829600C152D4 /* Assets.xcassets in Resources */ = {isa = PBXBuildFile; fileRef = 9394757420E3829600C152D4 /* Assets.xcassets */; };
		9394757820E3829600C152D4 /* LaunchScreen.storyboard in Resources */ = {isa = PBXBuildFile; fileRef = 9394757620E3829600C152D4 /* LaunchScreen.storyboard */; };
		9394757B20E3829600C152D4 /* main.m in Sources */ = {isa = PBXBuildFile; fileRef = 9394757A20E3829600C152D4 /* main.m */; };
		9394758520E3829600C152D4 /* RJBToolsDemoTests.m in Sources */ = {isa = PBXBuildFile; fileRef = 9394758420E3829600C152D4 /* RJBToolsDemoTests.m */; };
		9394759020E3829600C152D4 /* RJBToolsDemoUITests.m in Sources */ = {isa = PBXBuildFile; fileRef = 9394758F20E3829600C152D4 /* RJBToolsDemoUITests.m */; };
		9394759F20E382AC00C152D4 /* RJBBaseViewController.m in Sources */ = {isa = PBXBuildFile; fileRef = 9394759E20E382AC00C152D4 /* RJBBaseViewController.m */; };
		93E4D93620EF6F310033EED3 /* NSObject+RunTime.m in Sources */ = {isa = PBXBuildFile; fileRef = 93E4D93520EF6F310033EED3 /* NSObject+RunTime.m */; };
		93F36E7820E626D200E5E089 /* RJBLogBundle.bundle in Resources */ = {isa = PBXBuildFile; fileRef = 93F36E6620E626D200E5E089 /* RJBLogBundle.bundle */; };
		93F36E7920E626D200E5E089 /* RJBLogManager.m in Sources */ = {isa = PBXBuildFile; fileRef = 93F36E6720E626D200E5E089 /* RJBLogManager.m */; };
		93F36E7A20E626D200E5E089 /* RJBFloatPotViewController.m in Sources */ = {isa = PBXBuildFile; fileRef = 93F36E6920E626D200E5E089 /* RJBFloatPotViewController.m */; };
		93F36E7B20E626D200E5E089 /* RJBFloatPot.m in Sources */ = {isa = PBXBuildFile; fileRef = 93F36E6C20E626D200E5E089 /* RJBFloatPot.m */; };
		93F36E7C20E626D200E5E089 /* RJBLogCell.m in Sources */ = {isa = PBXBuildFile; fileRef = 93F36E6E20E626D200E5E089 /* RJBLogCell.m */; };
		93F36E7D20E626D200E5E089 /* RJBLogViewController.m in Sources */ = {isa = PBXBuildFile; fileRef = 93F36E7220E626D200E5E089 /* RJBLogViewController.m */; };
		93F36E7E20E626D200E5E089 /* RJBLogWindow.m in Sources */ = {isa = PBXBuildFile; fileRef = 93F36E7420E626D200E5E089 /* RJBLogWindow.m */; };
		93F36E7F20E626D200E5E089 /* RJBLogModel.m in Sources */ = {isa = PBXBuildFile; fileRef = 93F36E7520E626D200E5E089 /* RJBLogModel.m */; };
		93FCE70120E4835200F967F6 /* RJBFileManage.m in Sources */ = {isa = PBXBuildFile; fileRef = 93FCE6FF20E4835200F967F6 /* RJBFileManage.m */; };
/* End PBXBuildFile section */

/* Begin PBXContainerItemProxy section */
		9394758120E3829600C152D4 /* PBXContainerItemProxy */ = {
			isa = PBXContainerItemProxy;
			containerPortal = 9394756020E3829500C152D4 /* Project object */;
			proxyType = 1;
			remoteGlobalIDString = 9394756720E3829500C152D4;
			remoteInfo = RJBToolsDemo;
		};
		9394758C20E3829600C152D4 /* PBXContainerItemProxy */ = {
			isa = PBXContainerItemProxy;
			containerPortal = 9394756020E3829500C152D4 /* Project object */;
			proxyType = 1;
			remoteGlobalIDString = 9394756720E3829500C152D4;
			remoteInfo = RJBToolsDemo;
		};
/* End PBXContainerItemProxy section */

/* Begin PBXFileReference section */
		9394756820E3829500C152D4 /* RJBToolsDemo.app */ = {isa = PBXFileReference; explicitFileType = wrapper.application; includeInIndex = 0; path = RJBToolsDemo.app; sourceTree = BUILT_PRODUCTS_DIR; };
		9394756B20E3829500C152D4 /* AppDelegate.h */ = {isa = PBXFileReference; lastKnownFileType = sourcecode.c.h; path = AppDelegate.h; sourceTree = "<group>"; };
		9394756C20E3829500C152D4 /* AppDelegate.m */ = {isa = PBXFileReference; lastKnownFileType = sourcecode.c.objc; path = AppDelegate.m; sourceTree = "<group>"; };
		9394756E20E3829500C152D4 /* ViewController.h */ = {isa = PBXFileReference; lastKnownFileType = sourcecode.c.h; path = ViewController.h; sourceTree = "<group>"; };
		9394756F20E3829500C152D4 /* ViewController.m */ = {isa = PBXFileReference; lastKnownFileType = sourcecode.c.objc; path = ViewController.m; sourceTree = "<group>"; };
		9394757220E3829500C152D4 /* Base */ = {isa = PBXFileReference; lastKnownFileType = file.storyboard; name = Base; path = Base.lproj/Main.storyboard; sourceTree = "<group>"; };
		9394757420E3829600C152D4 /* Assets.xcassets */ = {isa = PBXFileReference; lastKnownFileType = folder.assetcatalog; path = Assets.xcassets; sourceTree = "<group>"; };
		9394757720E3829600C152D4 /* Base */ = {isa = PBXFileReference; lastKnownFileType = file.storyboard; name = Base; path = Base.lproj/LaunchScreen.storyboard; sourceTree = "<group>"; };
		9394757920E3829600C152D4 /* Info.plist */ = {isa = PBXFileReference; lastKnownFileType = text.plist.xml; path = Info.plist; sourceTree = "<group>"; };
		9394757A20E3829600C152D4 /* main.m */ = {isa = PBXFileReference; lastKnownFileType = sourcecode.c.objc; path = main.m; sourceTree = "<group>"; };
		9394758020E3829600C152D4 /* RJBToolsDemoTests.xctest */ = {isa = PBXFileReference; explicitFileType = wrapper.cfbundle; includeInIndex = 0; path = RJBToolsDemoTests.xctest; sourceTree = BUILT_PRODUCTS_DIR; };
		9394758420E3829600C152D4 /* RJBToolsDemoTests.m */ = {isa = PBXFileReference; lastKnownFileType = sourcecode.c.objc; path = RJBToolsDemoTests.m; sourceTree = "<group>"; };
		9394758620E3829600C152D4 /* Info.plist */ = {isa = PBXFileReference; lastKnownFileType = text.plist.xml; path = Info.plist; sourceTree = "<group>"; };
		9394758B20E3829600C152D4 /* RJBToolsDemoUITests.xctest */ = {isa = PBXFileReference; explicitFileType = wrapper.cfbundle; includeInIndex = 0; path = RJBToolsDemoUITests.xctest; sourceTree = BUILT_PRODUCTS_DIR; };
		9394758F20E3829600C152D4 /* RJBToolsDemoUITests.m */ = {isa = PBXFileReference; lastKnownFileType = sourcecode.c.objc; path = RJBToolsDemoUITests.m; sourceTree = "<group>"; };
		9394759120E3829600C152D4 /* Info.plist */ = {isa = PBXFileReference; lastKnownFileType = text.plist.xml; path = Info.plist; sourceTree = "<group>"; };
		9394759D20E382AC00C152D4 /* RJBBaseViewController.h */ = {isa = PBXFileReference; lastKnownFileType = sourcecode.c.h; path = RJBBaseViewController.h; sourceTree = "<group>"; };
		9394759E20E382AC00C152D4 /* RJBBaseViewController.m */ = {isa = PBXFileReference; lastKnownFileType = sourcecode.c.objc; path = RJBBaseViewController.m; sourceTree = "<group>"; };
		93E4D93420EF6F310033EED3 /* NSObject+RunTime.h */ = {isa = PBXFileReference; lastKnownFileType = sourcecode.c.h; path = "NSObject+RunTime.h"; sourceTree = "<group>"; };
		93E4D93520EF6F310033EED3 /* NSObject+RunTime.m */ = {isa = PBXFileReference; lastKnownFileType = sourcecode.c.objc; path = "NSObject+RunTime.m"; sourceTree = "<group>"; };
		93F36E6620E626D200E5E089 /* RJBLogBundle.bundle */ = {isa = PBXFileReference; lastKnownFileType = "wrapper.plug-in"; path = RJBLogBundle.bundle; sourceTree = "<group>"; };
		93F36E6720E626D200E5E089 /* RJBLogManager.m */ = {isa = PBXFileReference; fileEncoding = 4; lastKnownFileType = sourcecode.c.objc; path = RJBLogManager.m; sourceTree = "<group>"; };
		93F36E6920E626D200E5E089 /* RJBFloatPotViewController.m */ = {isa = PBXFileReference; fileEncoding = 4; lastKnownFileType = sourcecode.c.objc; path = RJBFloatPotViewController.m; sourceTree = "<group>"; };
		93F36E6A20E626D200E5E089 /* RJBFloatPot.h */ = {isa = PBXFileReference; fileEncoding = 4; lastKnownFileType = sourcecode.c.h; path = RJBFloatPot.h; sourceTree = "<group>"; };
		93F36E6B20E626D200E5E089 /* RJBFloatPotViewController.h */ = {isa = PBXFileReference; fileEncoding = 4; lastKnownFileType = sourcecode.c.h; path = RJBFloatPotViewController.h; sourceTree = "<group>"; };
		93F36E6C20E626D200E5E089 /* RJBFloatPot.m */ = {isa = PBXFileReference; fileEncoding = 4; lastKnownFileType = sourcecode.c.objc; path = RJBFloatPot.m; sourceTree = "<group>"; };
		93F36E6E20E626D200E5E089 /* RJBLogCell.m */ = {isa = PBXFileReference; fileEncoding = 4; lastKnownFileType = sourcecode.c.objc; path = RJBLogCell.m; sourceTree = "<group>"; };
		93F36E6F20E626D200E5E089 /* RJBLogViewController.h */ = {isa = PBXFileReference; fileEncoding = 4; lastKnownFileType = sourcecode.c.h; path = RJBLogViewController.h; sourceTree = "<group>"; };
		93F36E7020E626D200E5E089 /* RJBLogWindow.h */ = {isa = PBXFileReference; fileEncoding = 4; lastKnownFileType = sourcecode.c.h; path = RJBLogWindow.h; sourceTree = "<group>"; };
		93F36E7120E626D200E5E089 /* RJBLogModel.h */ = {isa = PBXFileReference; fileEncoding = 4; lastKnownFileType = sourcecode.c.h; path = RJBLogModel.h; sourceTree = "<group>"; };
		93F36E7220E626D200E5E089 /* RJBLogViewController.m */ = {isa = PBXFileReference; fileEncoding = 4; lastKnownFileType = sourcecode.c.objc; path = RJBLogViewController.m; sourceTree = "<group>"; };
		93F36E7320E626D200E5E089 /* RJBLogCell.h */ = {isa = PBXFileReference; fileEncoding = 4; lastKnownFileType = sourcecode.c.h; path = RJBLogCell.h; sourceTree = "<group>"; };
		93F36E7420E626D200E5E089 /* RJBLogWindow.m */ = {isa = PBXFileReference; fileEncoding = 4; lastKnownFileType = sourcecode.c.objc; path = RJBLogWindow.m; sourceTree = "<group>"; };
		93F36E7520E626D200E5E089 /* RJBLogModel.m */ = {isa = PBXFileReference; fileEncoding = 4; lastKnownFileType = sourcecode.c.objc; path = RJBLogModel.m; sourceTree = "<group>"; };
		93F36E7620E626D200E5E089 /* RJBLogHeader.h */ = {isa = PBXFileReference; fileEncoding = 4; lastKnownFileType = sourcecode.c.h; path = RJBLogHeader.h; sourceTree = "<group>"; };
		93F36E7720E626D200E5E089 /* RJBLogManager.h */ = {isa = PBXFileReference; fileEncoding = 4; lastKnownFileType = sourcecode.c.h; path = RJBLogManager.h; sourceTree = "<group>"; };
		93FCE6FF20E4835200F967F6 /* RJBFileManage.m */ = {isa = PBXFileReference; fileEncoding = 4; lastKnownFileType = sourcecode.c.objc; path = RJBFileManage.m; sourceTree = "<group>"; };
		93FCE70020E4835200F967F6 /* RJBFileManage.h */ = {isa = PBXFileReference; fileEncoding = 4; lastKnownFileType = sourcecode.c.h; path = RJBFileManage.h; sourceTree = "<group>"; };
		93FCE70F20E4BE9900F967F6 /* PrefixHeader.pch */ = {isa = PBXFileReference; lastKnownFileType = sourcecode.c.h; path = PrefixHeader.pch; sourceTree = "<group>"; };
/* End PBXFileReference section */

/* Begin PBXFrameworksBuildPhase section */
		9394756520E3829500C152D4 /* Frameworks */ = {
			isa = PBXFrameworksBuildPhase;
			buildActionMask = 2147483647;
			files = (
			);
			runOnlyForDeploymentPostprocessing = 0;
		};
		9394757D20E3829600C152D4 /* Frameworks */ = {
			isa = PBXFrameworksBuildPhase;
			buildActionMask = 2147483647;
			files = (
			);
			runOnlyForDeploymentPostprocessing = 0;
		};
		9394758820E3829600C152D4 /* Frameworks */ = {
			isa = PBXFrameworksBuildPhase;
			buildActionMask = 2147483647;
			files = (
			);
			runOnlyForDeploymentPostprocessing = 0;
		};
/* End PBXFrameworksBuildPhase section */

/* Begin PBXGroup section */
		9394755F20E3829500C152D4 = {
			isa = PBXGroup;
			children = (
				9394756A20E3829500C152D4 /* RJBToolsDemo */,
				9394758320E3829600C152D4 /* RJBToolsDemoTests */,
				9394758E20E3829600C152D4 /* RJBToolsDemoUITests */,
				9394756920E3829500C152D4 /* Products */,
			);
			sourceTree = "<group>";
		};
		9394756920E3829500C152D4 /* Products */ = {
			isa = PBXGroup;
			children = (
				9394756820E3829500C152D4 /* RJBToolsDemo.app */,
				9394758020E3829600C152D4 /* RJBToolsDemoTests.xctest */,
				9394758B20E3829600C152D4 /* RJBToolsDemoUITests.xctest */,
			);
			name = Products;
			sourceTree = "<group>";
		};
		9394756A20E3829500C152D4 /* RJBToolsDemo */ = {
			isa = PBXGroup;
			children = (
				93E4D93320EF6F070033EED3 /* RunTime */,
				93FCE73320E6252500F967F6 /* LogTools */,
				93FCE6FE20E4835200F967F6 /* Utils */,
				9394756B20E3829500C152D4 /* AppDelegate.h */,
				9394756C20E3829500C152D4 /* AppDelegate.m */,
				9394756E20E3829500C152D4 /* ViewController.h */,
				9394756F20E3829500C152D4 /* ViewController.m */,
				9394759D20E382AC00C152D4 /* RJBBaseViewController.h */,
				9394759E20E382AC00C152D4 /* RJBBaseViewController.m */,
				93FCE70F20E4BE9900F967F6 /* PrefixHeader.pch */,
				9394757120E3829500C152D4 /* Main.storyboard */,
				9394757420E3829600C152D4 /* Assets.xcassets */,
				9394757620E3829600C152D4 /* LaunchScreen.storyboard */,
				9394757920E3829600C152D4 /* Info.plist */,
				9394757A20E3829600C152D4 /* main.m */,
			);
			path = RJBToolsDemo;
			sourceTree = "<group>";
		};
		9394758320E3829600C152D4 /* RJBToolsDemoTests */ = {
			isa = PBXGroup;
			children = (
				9394758420E3829600C152D4 /* RJBToolsDemoTests.m */,
				9394758620E3829600C152D4 /* Info.plist */,
			);
			path = RJBToolsDemoTests;
			sourceTree = "<group>";
		};
		9394758E20E3829600C152D4 /* RJBToolsDemoUITests */ = {
			isa = PBXGroup;
			children = (
				9394758F20E3829600C152D4 /* RJBToolsDemoUITests.m */,
				9394759120E3829600C152D4 /* Info.plist */,
			);
			path = RJBToolsDemoUITests;
			sourceTree = "<group>";
		};
		93E4D93320EF6F070033EED3 /* RunTime */ = {
			isa = PBXGroup;
			children = (
				93E4D93420EF6F310033EED3 /* NSObject+RunTime.h */,
				93E4D93520EF6F310033EED3 /* NSObject+RunTime.m */,
			);
			path = RunTime;
			sourceTree = "<group>";
		};
		93F36E6820E626D200E5E089 /* FloatPot */ = {
			isa = PBXGroup;
			children = (
				93F36E6920E626D200E5E089 /* RJBFloatPotViewController.m */,
				93F36E6A20E626D200E5E089 /* RJBFloatPot.h */,
				93F36E6B20E626D200E5E089 /* RJBFloatPotViewController.h */,
				93F36E6C20E626D200E5E089 /* RJBFloatPot.m */,
			);
			path = FloatPot;
			sourceTree = "<group>";
		};
		93F36E6D20E626D200E5E089 /* Logs */ = {
			isa = PBXGroup;
			children = (
				93F36E6F20E626D200E5E089 /* RJBLogViewController.h */,
				93F36E7220E626D200E5E089 /* RJBLogViewController.m */,
				93F36E7320E626D200E5E089 /* RJBLogCell.h */,
				93F36E6E20E626D200E5E089 /* RJBLogCell.m */,
				93F36E7020E626D200E5E089 /* RJBLogWindow.h */,
				93F36E7420E626D200E5E089 /* RJBLogWindow.m */,
				93F36E7120E626D200E5E089 /* RJBLogModel.h */,
				93F36E7520E626D200E5E089 /* RJBLogModel.m */,
			);
			path = Logs;
			sourceTree = "<group>";
		};
		93FCE6FE20E4835200F967F6 /* Utils */ = {
			isa = PBXGroup;
			children = (
				93FCE6FF20E4835200F967F6 /* RJBFileManage.m */,
				93FCE70020E4835200F967F6 /* RJBFileManage.h */,
			);
			path = Utils;
			sourceTree = "<group>";
		};
		93FCE73320E6252500F967F6 /* LogTools */ = {
			isa = PBXGroup;
			children = (
				93F36E6820E626D200E5E089 /* FloatPot */,
				93F36E6D20E626D200E5E089 /* Logs */,
				93F36E6620E626D200E5E089 /* RJBLogBundle.bundle */,
				93F36E7620E626D200E5E089 /* RJBLogHeader.h */,
				93F36E7720E626D200E5E089 /* RJBLogManager.h */,
				93F36E6720E626D200E5E089 /* RJBLogManager.m */,
			);
			path = LogTools;
			sourceTree = "<group>";
		};
/* End PBXGroup section */

/* Begin PBXNativeTarget section */
		9394756720E3829500C152D4 /* RJBToolsDemo */ = {
			isa = PBXNativeTarget;
			buildConfigurationList = 9394759420E3829600C152D4 /* Build configuration list for PBXNativeTarget "RJBToolsDemo" */;
			buildPhases = (
				9394756420E3829500C152D4 /* Sources */,
				9394756520E3829500C152D4 /* Frameworks */,
				9394756620E3829500C152D4 /* Resources */,
			);
			buildRules = (
			);
			dependencies = (
			);
			name = RJBToolsDemo;
			productName = RJBToolsDemo;
			productReference = 9394756820E3829500C152D4 /* RJBToolsDemo.app */;
			productType = "com.apple.product-type.application";
		};
		9394757F20E3829600C152D4 /* RJBToolsDemoTests */ = {
			isa = PBXNativeTarget;
			buildConfigurationList = 9394759720E3829600C152D4 /* Build configuration list for PBXNativeTarget "RJBToolsDemoTests" */;
			buildPhases = (
				9394757C20E3829600C152D4 /* Sources */,
				9394757D20E3829600C152D4 /* Frameworks */,
				9394757E20E3829600C152D4 /* Resources */,
			);
			buildRules = (
			);
			dependencies = (
				9394758220E3829600C152D4 /* PBXTargetDependency */,
			);
			name = RJBToolsDemoTests;
			productName = RJBToolsDemoTests;
			productReference = 9394758020E3829600C152D4 /* RJBToolsDemoTests.xctest */;
			productType = "com.apple.product-type.bundle.unit-test";
		};
		9394758A20E3829600C152D4 /* RJBToolsDemoUITests */ = {
			isa = PBXNativeTarget;
			buildConfigurationList = 9394759A20E3829600C152D4 /* Build configuration list for PBXNativeTarget "RJBToolsDemoUITests" */;
			buildPhases = (
				9394758720E3829600C152D4 /* Sources */,
				9394758820E3829600C152D4 /* Frameworks */,
				9394758920E3829600C152D4 /* Resources */,
			);
			buildRules = (
			);
			dependencies = (
				9394758D20E3829600C152D4 /* PBXTargetDependency */,
			);
			name = RJBToolsDemoUITests;
			productName = RJBToolsDemoUITests;
			productReference = 9394758B20E3829600C152D4 /* RJBToolsDemoUITests.xctest */;
			productType = "com.apple.product-type.bundle.ui-testing";
		};
/* End PBXNativeTarget section */

/* Begin PBXProject section */
		9394756020E3829500C152D4 /* Project object */ = {
			isa = PBXProject;
			attributes = {
				LastUpgradeCheck = 0930;
				ORGANIZATIONNAME = ru;
				TargetAttributes = {
					9394756720E3829500C152D4 = {
						CreatedOnToolsVersion = 9.3;
					};
					9394757F20E3829600C152D4 = {
						CreatedOnToolsVersion = 9.3;
						TestTargetID = 9394756720E3829500C152D4;
					};
					9394758A20E3829600C152D4 = {
						CreatedOnToolsVersion = 9.3;
						TestTargetID = 9394756720E3829500C152D4;
					};
				};
			};
			buildConfigurationList = 9394756320E3829500C152D4 /* Build configuration list for PBXProject "RJBToolsDemo" */;
			compatibilityVersion = "Xcode 9.3";
			developmentRegion = en;
			hasScannedForEncodings = 0;
			knownRegions = (
				en,
				Base,
			);
			mainGroup = 9394755F20E3829500C152D4;
			productRefGroup = 9394756920E3829500C152D4 /* Products */;
			projectDirPath = "";
			projectRoot = "";
			targets = (
				9394756720E3829500C152D4 /* RJBToolsDemo */,
				9394757F20E3829600C152D4 /* RJBToolsDemoTests */,
				9394758A20E3829600C152D4 /* RJBToolsDemoUITests */,
			);
		};
/* End PBXProject section */

/* Begin PBXResourcesBuildPhase section */
		9394756620E3829500C152D4 /* Resources */ = {
			isa = PBXResourcesBuildPhase;
			buildActionMask = 2147483647;
			files = (
				9394757820E3829600C152D4 /* LaunchScreen.storyboard in Resources */,
				93F36E7820E626D200E5E089 /* RJBLogBundle.bundle in Resources */,
				9394757520E3829600C152D4 /* Assets.xcassets in Resources */,
				9394757320E3829500C152D4 /* Main.storyboard in Resources */,
			);
			runOnlyForDeploymentPostprocessing = 0;
		};
		9394757E20E3829600C152D4 /* Resources */ = {
			isa = PBXResourcesBuildPhase;
			buildActionMask = 2147483647;
			files = (
			);
			runOnlyForDeploymentPostprocessing = 0;
		};
		9394758920E3829600C152D4 /* Resources */ = {
			isa = PBXResourcesBuildPhase;
			buildActionMask = 2147483647;
			files = (
			);
			runOnlyForDeploymentPostprocessing = 0;
		};
/* End PBXResourcesBuildPhase section */

/* Begin PBXSourcesBuildPhase section */
		9394756420E3829500C152D4 /* Sources */ = {
			isa = PBXSourcesBuildPhase;
			buildActionMask = 2147483647;
			files = (
				9394757020E3829500C152D4 /* ViewController.m in Sources */,
				93F36E7F20E626D200E5E089 /* RJBLogModel.m in Sources */,
				93F36E7920E626D200E5E089 /* RJBLogManager.m in Sources */,
				93F36E7A20E626D200E5E089 /* RJBFloatPotViewController.m in Sources */,
				9394757B20E3829600C152D4 /* main.m in Sources */,
				93F36E7D20E626D200E5E089 /* RJBLogViewController.m in Sources */,
				93E4D93620EF6F310033EED3 /* NSObject+RunTime.m in Sources */,
				93F36E7C20E626D200E5E089 /* RJBLogCell.m in Sources */,
				9394759F20E382AC00C152D4 /* RJBBaseViewController.m in Sources */,
				9394756D20E3829500C152D4 /* AppDelegate.m in Sources */,
				93FCE70120E4835200F967F6 /* RJBFileManage.m in Sources */,
				93F36E7B20E626D200E5E089 /* RJBFloatPot.m in Sources */,
				93F36E7E20E626D200E5E089 /* RJBLogWindow.m in Sources */,
			);
			runOnlyForDeploymentPostprocessing = 0;
		};
		9394757C20E3829600C152D4 /* Sources */ = {
			isa = PBXSourcesBuildPhase;
			buildActionMask = 2147483647;
			files = (
				9394758520E3829600C152D4 /* RJBToolsDemoTests.m in Sources */,
			);
			runOnlyForDeploymentPostprocessing = 0;
		};
		9394758720E3829600C152D4 /* Sources */ = {
			isa = PBXSourcesBuildPhase;
			buildActionMask = 2147483647;
			files = (
				9394759020E3829600C152D4 /* RJBToolsDemoUITests.m in Sources */,
			);
			runOnlyForDeploymentPostprocessing = 0;
		};
/* End PBXSourcesBuildPhase section */

/* Begin PBXTargetDependency section */
		9394758220E3829600C152D4 /* PBXTargetDependency */ = {
			isa = PBXTargetDependency;
			target = 9394756720E3829500C152D4 /* RJBToolsDemo */;
			targetProxy = 9394758120E3829600C152D4 /* PBXContainerItemProxy */;
		};
		9394758D20E3829600C152D4 /* PBXTargetDependency */ = {
			isa = PBXTargetDependency;
			target = 9394756720E3829500C152D4 /* RJBToolsDemo */;
			targetProxy = 9394758C20E3829600C152D4 /* PBXContainerItemProxy */;
		};
/* End PBXTargetDependency section */

/* Begin PBXVariantGroup section */
		9394757120E3829500C152D4 /* Main.storyboard */ = {
			isa = PBXVariantGroup;
			children = (
				9394757220E3829500C152D4 /* Base */,
			);
			name = Main.storyboard;
			sourceTree = "<group>";
		};
		9394757620E3829600C152D4 /* LaunchScreen.storyboard */ = {
			isa = PBXVariantGroup;
			children = (
				9394757720E3829600C152D4 /* Base */,
			);
			name = LaunchScreen.storyboard;
			sourceTree = "<group>";
		};
/* End PBXVariantGroup section */

/* Begin XCBuildConfiguration section */
		9394759220E3829600C152D4 /* Debug */ = {
			isa = XCBuildConfiguration;
			buildSettings = {
				ALWAYS_SEARCH_USER_PATHS = NO;
				CLANG_ANALYZER_NONNULL = YES;
				CLANG_ANALYZER_NUMBER_OBJECT_CONVERSION = YES_AGGRESSIVE;
				CLANG_CXX_LANGUAGE_STANDARD = "gnu++14";
				CLANG_CXX_LIBRARY = "libc++";
				CLANG_ENABLE_MODULES = YES;
				CLANG_ENABLE_OBJC_ARC = YES;
				CLANG_ENABLE_OBJC_WEAK = YES;
				CLANG_WARN_BLOCK_CAPTURE_AUTORELEASING = YES;
				CLANG_WARN_BOOL_CONVERSION = YES;
				CLANG_WARN_COMMA = YES;
				CLANG_WARN_CONSTANT_CONVERSION = YES;
				CLANG_WARN_DEPRECATED_OBJC_IMPLEMENTATIONS = YES;
				CLANG_WARN_DIRECT_OBJC_ISA_USAGE = YES_ERROR;
				CLANG_WARN_DOCUMENTATION_COMMENTS = YES;
				CLANG_WARN_EMPTY_BODY = YES;
				CLANG_WARN_ENUM_CONVERSION = YES;
				CLANG_WARN_INFINITE_RECURSION = YES;
				CLANG_WARN_INT_CONVERSION = YES;
				CLANG_WARN_NON_LITERAL_NULL_CONVERSION = YES;
				CLANG_WARN_OBJC_IMPLICIT_RETAIN_SELF = YES;
				CLANG_WARN_OBJC_LITERAL_CONVERSION = YES;
				CLANG_WARN_OBJC_ROOT_CLASS = YES_ERROR;
				CLANG_WARN_RANGE_LOOP_ANALYSIS = YES;
				CLANG_WARN_STRICT_PROTOTYPES = YES;
				CLANG_WARN_SUSPICIOUS_MOVE = YES;
				CLANG_WARN_UNGUARDED_AVAILABILITY = YES_AGGRESSIVE;
				CLANG_WARN_UNREACHABLE_CODE = YES;
				CLANG_WARN__DUPLICATE_METHOD_MATCH = YES;
				CODE_SIGN_IDENTITY = "iPhone Developer";
				COPY_PHASE_STRIP = NO;
				DEBUG_INFORMATION_FORMAT = dwarf;
				ENABLE_STRICT_OBJC_MSGSEND = YES;
				ENABLE_TESTABILITY = YES;
				GCC_C_LANGUAGE_STANDARD = gnu11;
				GCC_DYNAMIC_NO_PIC = NO;
				GCC_NO_COMMON_BLOCKS = YES;
				GCC_OPTIMIZATION_LEVEL = 0;
				GCC_PREPROCESSOR_DEFINITIONS = (
					"DEBUG=1",
					"$(inherited)",
				);
				GCC_WARN_64_TO_32_BIT_CONVERSION = YES;
				GCC_WARN_ABOUT_RETURN_TYPE = YES_ERROR;
				GCC_WARN_UNDECLARED_SELECTOR = YES;
				GCC_WARN_UNINITIALIZED_AUTOS = YES_AGGRESSIVE;
				GCC_WARN_UNUSED_FUNCTION = YES;
				GCC_WARN_UNUSED_VARIABLE = YES;
				IPHONEOS_DEPLOYMENT_TARGET = 11.3;
				MTL_ENABLE_DEBUG_INFO = YES;
				ONLY_ACTIVE_ARCH = YES;
				SDKROOT = iphoneos;
			};
			name = Debug;
		};
		9394759320E3829600C152D4 /* Release */ = {
			isa = XCBuildConfiguration;
			buildSettings = {
				ALWAYS_SEARCH_USER_PATHS = NO;
				CLANG_ANALYZER_NONNULL = YES;
				CLANG_ANALYZER_NUMBER_OBJECT_CONVERSION = YES_AGGRESSIVE;
				CLANG_CXX_LANGUAGE_STANDARD = "gnu++14";
				CLANG_CXX_LIBRARY = "libc++";
				CLANG_ENABLE_MODULES = YES;
				CLANG_ENABLE_OBJC_ARC = YES;
				CLANG_ENABLE_OBJC_WEAK = YES;
				CLANG_WARN_BLOCK_CAPTURE_AUTORELEASING = YES;
				CLANG_WARN_BOOL_CONVERSION = YES;
				CLANG_WARN_COMMA = YES;
				CLANG_WARN_CONSTANT_CONVERSION = YES;
				CLANG_WARN_DEPRECATED_OBJC_IMPLEMENTATIONS = YES;
				CLANG_WARN_DIRECT_OBJC_ISA_USAGE = YES_ERROR;
				CLANG_WARN_DOCUMENTATION_COMMENTS = YES;
				CLANG_WARN_EMPTY_BODY = YES;
				CLANG_WARN_ENUM_CONVERSION = YES;
				CLANG_WARN_INFINITE_RECURSION = YES;
				CLANG_WARN_INT_CONVERSION = YES;
				CLANG_WARN_NON_LITERAL_NULL_CONVERSION = YES;
				CLANG_WARN_OBJC_IMPLICIT_RETAIN_SELF = YES;
				CLANG_WARN_OBJC_LITERAL_CONVERSION = YES;
				CLANG_WARN_OBJC_ROOT_CLASS = YES_ERROR;
				CLANG_WARN_RANGE_LOOP_ANALYSIS = YES;
				CLANG_WARN_STRICT_PROTOTYPES = YES;
				CLANG_WARN_SUSPICIOUS_MOVE = YES;
				CLANG_WARN_UNGUARDED_AVAILABILITY = YES_AGGRESSIVE;
				CLANG_WARN_UNREACHABLE_CODE = YES;
				CLANG_WARN__DUPLICATE_METHOD_MATCH = YES;
				CODE_SIGN_IDENTITY = "iPhone Developer";
				COPY_PHASE_STRIP = NO;
				DEBUG_INFORMATION_FORMAT = "dwarf-with-dsym";
				ENABLE_NS_ASSERTIONS = NO;
				ENABLE_STRICT_OBJC_MSGSEND = YES;
				GCC_C_LANGUAGE_STANDARD = gnu11;
				GCC_NO_COMMON_BLOCKS = YES;
				GCC_WARN_64_TO_32_BIT_CONVERSION = YES;
				GCC_WARN_ABOUT_RETURN_TYPE = YES_ERROR;
				GCC_WARN_UNDECLARED_SELECTOR = YES;
				GCC_WARN_UNINITIALIZED_AUTOS = YES_AGGRESSIVE;
				GCC_WARN_UNUSED_FUNCTION = YES;
				GCC_WARN_UNUSED_VARIABLE = YES;
				IPHONEOS_DEPLOYMENT_TARGET = 11.3;
				MTL_ENABLE_DEBUG_INFO = NO;
				SDKROOT = iphoneos;
				VALIDATE_PRODUCT = YES;
			};
			name = Release;
		};
		9394759520E3829600C152D4 /* Debug */ = {
			isa = XCBuildConfiguration;
			buildSettings = {
				ASSETCATALOG_COMPILER_APPICON_NAME = AppIcon;
				CODE_SIGN_STYLE = Automatic;
				DEVELOPMENT_TEAM = FUWR58NELT;
				GCC_PRECOMPILE_PREFIX_HEADER = YES;
				GCC_PREFIX_HEADER = "$(SRCROOT)/RJBToolsDemo/PrefixHeader.pch";
				INFOPLIST_FILE = RJBToolsDemo/Info.plist;
				LD_RUNPATH_SEARCH_PATHS = (
					"$(inherited)",
					"@executable_path/Frameworks",
				);
				PRODUCT_BUNDLE_IDENTIFIER = JK.RJBToolsDemo;
				PRODUCT_NAME = "$(TARGET_NAME)";
				TARGETED_DEVICE_FAMILY = "1,2";
			};
			name = Debug;
		};
		9394759620E3829600C152D4 /* Release */ = {
			isa = XCBuildConfiguration;
			buildSettings = {
				ASSETCATALOG_COMPILER_APPICON_NAME = AppIcon;
				CODE_SIGN_STYLE = Automatic;
				DEVELOPMENT_TEAM = FUWR58NELT;
				GCC_PRECOMPILE_PREFIX_HEADER = YES;
				GCC_PREFIX_HEADER = "$(SRCROOT)/RJBToolsDemo/PrefixHeader.pch";
				INFOPLIST_FILE = RJBToolsDemo/Info.plist;
				LD_RUNPATH_SEARCH_PATHS = (
					"$(inherited)",
					"@executable_path/Frameworks",
				);
				PRODUCT_BUNDLE_IDENTIFIER = JK.RJBToolsDemo;
				PRODUCT_NAME = "$(TARGET_NAME)";
				TARGETED_DEVICE_FAMILY = "1,2";
			};
			name = Release;
		};
		9394759820E3829600C152D4 /* Debug */ = {
			isa = XCBuildConfiguration;
			buildSettings = {
				BUNDLE_LOADER = "$(TEST_HOST)";
				CODE_SIGN_STYLE = Automatic;
				DEVELOPMENT_TEAM = FUWR58NELT;
				INFOPLIST_FILE = RJBToolsDemoTests/Info.plist;
				LD_RUNPATH_SEARCH_PATHS = (
					"$(inherited)",
					"@executable_path/Frameworks",
					"@loader_path/Frameworks",
				);
				PRODUCT_BUNDLE_IDENTIFIER = JK.RJBToolsDemoTests;
				PRODUCT_NAME = "$(TARGET_NAME)";
				TARGETED_DEVICE_FAMILY = "1,2";
				TEST_HOST = "$(BUILT_PRODUCTS_DIR)/RJBToolsDemo.app/RJBToolsDemo";
			};
			name = Debug;
		};
		9394759920E3829600C152D4 /* Release */ = {
			isa = XCBuildConfiguration;
			buildSettings = {
				BUNDLE_LOADER = "$(TEST_HOST)";
				CODE_SIGN_STYLE = Automatic;
				DEVELOPMENT_TEAM = FUWR58NELT;
				INFOPLIST_FILE = RJBToolsDemoTests/Info.plist;
				LD_RUNPATH_SEARCH_PATHS = (
					"$(inherited)",
					"@executable_path/Frameworks",
					"@loader_path/Frameworks",
				);
				PRODUCT_BUNDLE_IDENTIFIER = JK.RJBToolsDemoTests;
				PRODUCT_NAME = "$(TARGET_NAME)";
				TARGETED_DEVICE_FAMILY = "1,2";
				TEST_HOST = "$(BUILT_PRODUCTS_DIR)/RJBToolsDemo.app/RJBToolsDemo";
			};
			name = Release;
		};
		9394759B20E3829600C152D4 /* Debug */ = {
			isa = XCBuildConfiguration;
			buildSettings = {
				CODE_SIGN_STYLE = Automatic;
				DEVELOPMENT_TEAM = FUWR58NELT;
				INFOPLIST_FILE = RJBToolsDemoUITests/Info.plist;
				LD_RUNPATH_SEARCH_PATHS = (
					"$(inherited)",
					"@executable_path/Frameworks",
					"@loader_path/Frameworks",
				);
				PRODUCT_BUNDLE_IDENTIFIER = JK.RJBToolsDemoUITests;
				PRODUCT_NAME = "$(TARGET_NAME)";
				TARGETED_DEVICE_FAMILY = "1,2";
				TEST_TARGET_NAME = RJBToolsDemo;
			};
			name = Debug;
		};
		9394759C20E3829600C152D4 /* Release */ = {
			isa = XCBuildConfiguration;
			buildSettings = {
				CODE_SIGN_STYLE = Automatic;
				DEVELOPMENT_TEAM = FUWR58NELT;
				INFOPLIST_FILE = RJBToolsDemoUITests/Info.plist;
				LD_RUNPATH_SEARCH_PATHS = (
					"$(inherited)",
					"@executable_path/Frameworks",
					"@loader_path/Frameworks",
				);
				PRODUCT_BUNDLE_IDENTIFIER = JK.RJBToolsDemoUITests;
				PRODUCT_NAME = "$(TARGET_NAME)";
				TARGETED_DEVICE_FAMILY = "1,2";
				TEST_TARGET_NAME = RJBToolsDemo;
			};
			name = Release;
		};
/* End XCBuildConfiguration section */

/* Begin XCConfigurationList section */
		9394756320E3829500C152D4 /* Build configuration list for PBXProject "RJBToolsDemo" */ = {
			isa = XCConfigurationList;
			buildConfigurations = (
				9394759220E3829600C152D4 /* Debug */,
				9394759320E3829600C152D4 /* Release */,
			);
			defaultConfigurationIsVisible = 0;
			defaultConfigurationName = Release;
		};
		9394759420E3829600C152D4 /* Build configuration list for PBXNativeTarget "RJBToolsDemo" */ = {
			isa = XCConfigurationList;
			buildConfigurations = (
				9394759520E3829600C152D4 /* Debug */,
				9394759620E3829600C152D4 /* Release */,
			);
			defaultConfigurationIsVisible = 0;
			defaultConfigurationName = Release;
		};
		9394759720E3829600C152D4 /* Build configuration list for PBXNativeTarget "RJBToolsDemoTests" */ = {
			isa = XCConfigurationList;
			buildConfigurations = (
				9394759820E3829600C152D4 /* Debug */,
				9394759920E3829600C152D4 /* Release */,
			);
			defaultConfigurationIsVisible = 0;
			defaultConfigurationName = Release;
		};
		9394759A20E3829600C152D4 /* Build configuration list for PBXNativeTarget "RJBToolsDemoUITests" */ = {
			isa = XCConfigurationList;
			buildConfigurations = (
				9394759B20E3829600C152D4 /* Debug */,
				9394759C20E3829600C152D4 /* Release */,
			);
			defaultConfigurationIsVisible = 0;
			defaultConfigurationName = Release;
		};
/* End XCConfigurationList section */
	};
	rootObject = 9394756020E3829500C152D4 /* Project object */;
}
